
Microsoft Visual Studio Solution File, Format Version 12.00
# Visual Studio Version 17
VisualStudioVersion = 17.13.35919.96 d17.13
MinimumVisualStudioVersion = 10.0.40219.1
Project("{FAE04EC0-301F-11D3-BF4B-00C04F79EFBC}") = "mcp-afl-server", "mcp-afl-server.csproj", "{F4F8E975-631D-F2A2-B58D-AE69E6AEEE33}"
EndProject
Global
	GlobalSection(SolutionConfigurationPlatforms) = preSolution
		Debug|Any CPU = Debug|Any CPU
		Release|Any CPU = Release|Any CPU
	EndGlobalSection
	GlobalSection(ProjectConfigurationPlatforms) = postSolution
		{F4F8E975-631D-F2A2-B58D-AE69E6AEEE33}.Debug|Any CPU.ActiveCfg = Debug|Any CPU
		{F4F8E975-631D-F2A2-B58D-AE69E6AEEE33}.Debug|Any CPU.Build.0 = Debug|Any CPU
		{F4F8E975-631D-F2A2-B58D-AE69E6AEEE33}.Release|Any CPU.ActiveCfg = Release|Any CPU
		{F4F8E975-631D-F2A2-B58D-AE69E6AEEE33}.Release|Any CPU.Build.0 = Release|Any CPU
	EndGlobalSection
	GlobalSection(SolutionProperties) = preSolution
		HideSolutionNode = FALSE
	EndGlobalSection
	GlobalSection(ExtensibilityGlobals) = postSolution
		SolutionGuid = {D83C72A1-0F2D-4C54-A9B2-E4C6441851A4}
	EndGlobalSection
EndGlobal
