{
  "name": "@azure/mcp",
  "version": "0.0.0",
  "lockfileVersion": 3,
  "requires": true,
  "packages": {
    "": {
      "name": "@azure/mcp",
      "version": "0.0.0",
      "hasInstallScript": true,
      "license": "MIT",
      "bin": {
        "azmcp": "index.js"
      },
      "engines": {
        "node": ">=20.0.0"
      },
      "optionalDependencies": {
        "@azure/mcp-linux-x64": "^0.2.3"
      }
    },
    "node_modules/@azure/mcp-linux-x64": {
      "version": "0.2.3",
      "resolved": "https://registry.npmjs.org/@azure/mcp-linux-x64/-/mcp-linux-x64-0.2.3.tgz",
      "integrity": "sha512-x/8SLXe1aK8EzeIOymFnLioxmshjuRoQIGTeQYtF9HNTfpPDDraEpR3oOgwwde2Ur7yoHbHxgpzMRar5ub7z2g==",
      "cpu": [
        "x64"
      ],
      "license": "MIT",
      "optional": true,
      "os": [
        "linux"
      ],
      "bin": {
        "azmcp-linux-x64": "dist/azmcp"
      },
      "engines": {
        "node": ">=18.0.0"
      }
    }
  }
}
