Microsoft Visual Studio Solution File, Format Version 12.00
# Visual Studio Version 17
VisualStudioVersion = 17.5.2.0
MinimumVisualStudioVersion = 10.0.40219.1
Project("{FAE04EC0-301F-11D3-BF4B-00C04F79EFBC}") = "Tutorial.McpTimeServer", "Tutorial.McpTimeServer.csproj", "{45FE63ED-240D-B1AC-E6FB-F66A40D424E2}"
EndProject
Global
	GlobalSection(SolutionConfigurationPlatforms) = preSolution
		Debug|Any CPU = Debug|Any CPU
		Release|Any CPU = Release|Any CPU
	EndGlobalSection
	GlobalSection(ProjectConfigurationPlatforms) = postSolution
		{45FE63ED-240D-B1AC-E6FB-F66A40D424E2}.Debug|Any CPU.ActiveCfg = Debug|Any CPU
		{45FE63ED-240D-B1AC-E6FB-F66A40D424E2}.Debug|Any CPU.Build.0 = Debug|Any CPU
		{45FE63ED-240D-B1AC-E6FB-F66A40D424E2}.Release|Any CPU.ActiveCfg = Release|Any CPU
		{45FE63ED-240D-B1AC-E6FB-F66A40D424E2}.Release|Any CPU.Build.0 = Release|Any CPU
	EndGlobalSection
	GlobalSection(SolutionProperties) = preSolution
		HideSolutionNode = FALSE
	EndGlobalSection
	GlobalSection(ExtensibilityGlobals) = postSolution
		SolutionGuid = {78B042B3-34C5-4F7D-9246-57F56E08F444}
	EndGlobalSection
EndGlobal
