Microsoft Visual Studio Solution File, Format Version 12.00
# Visual Studio Version 17
VisualStudioVersion = 17.5.2.0
MinimumVisualStudioVersion = 10.0.40219.1
Project("{FAE04EC0-301F-11D3-BF4B-00C04F79EFBC}") = "com.IvanMurzak.Unity.MCP.Server", "com.IvanMurzak.Unity.MCP.Server.csproj", "{6ABCCB5D-2FB4-C0BB-50FD-A1A8830EC2A5}"
EndProject
Global
	GlobalSection(SolutionConfigurationPlatforms) = preSolution
		Debug|Any CPU = Debug|Any CPU
		Release|Any CPU = Release|Any CPU
	EndGlobalSection
	GlobalSection(ProjectConfigurationPlatforms) = postSolution
		{6ABCCB5D-2FB4-C0BB-50FD-A1A8830EC2A5}.Debug|Any CPU.ActiveCfg = Debug|Any CPU
		{6ABCCB5D-2FB4-C0BB-50FD-A1A8830EC2A5}.Debug|Any CPU.Build.0 = Debug|Any CPU
		{6ABCCB5D-2FB4-C0BB-50FD-A1A8830EC2A5}.Release|Any CPU.ActiveCfg = Release|Any CPU
		{6ABCCB5D-2FB4-C0BB-50FD-A1A8830EC2A5}.Release|Any CPU.Build.0 = Release|Any CPU
	EndGlobalSection
	GlobalSection(SolutionProperties) = preSolution
		HideSolutionNode = FALSE
	EndGlobalSection
	GlobalSection(ExtensibilityGlobals) = postSolution
		SolutionGuid = {9709159B-BD15-4386-87C0-6767E0C1B321}
	EndGlobalSection
EndGlobal
